
Microsoft Visual Studio Solution File, Format Version 12.00
# Visual Studio 15
VisualStudioVersion = 15.0.28010.2048
MinimumVisualStudioVersion = 10.0.40219.1
Project("{FAE04EC0-301F-11D3-BF4B-00C04F79EFBC}") = "OOP2", "OOP2\OOP2.csproj", "{E7D63FAD-240F-4D13-B284-42B33C011493}"
EndProject
Global
	GlobalSection(SolutionConfigurationPlatforms) = preSolution
		Debug|Any CPU = Debug|Any CPU
		Release|Any CPU = Release|Any CPU
	EndGlobalSection
	GlobalSection(ProjectConfigurationPlatforms) = postSolution
		{E7D63FAD-240F-4D13-B284-42B33C011493}.Debug|Any CPU.ActiveCfg = Debug|Any CPU
		{E7D63FAD-240F-4D13-B284-42B33C011493}.Debug|Any CPU.Build.0 = Debug|Any CPU
		{E7D63FAD-240F-4D13-B284-42B33C011493}.Release|Any CPU.ActiveCfg = Release|Any CPU
		{E7D63FAD-240F-4D13-B284-42B33C011493}.Release|Any CPU.Build.0 = Release|Any CPU
	EndGlobalSection
	GlobalSection(SolutionProperties) = preSolution
		HideSolutionNode = FALSE
	EndGlobalSection
	GlobalSection(ExtensibilityGlobals) = postSolution
		SolutionGuid = {3B136818-96E7-4A8B-8EF7-22FD4AE5B2F2}
	EndGlobalSection
EndGlobal
