
Microsoft Visual Studio Solution File, Format Version 12.00
# Visual Studio 15
VisualStudioVersion = 15.0.28307.489
MinimumVisualStudioVersion = 10.0.40219.1
Project("{FAE04EC0-301F-11D3-BF4B-00C04F79EFBC}") = "XamarinDemo.Android", "XamarinDemo\XamarinDemo.Android\XamarinDemo.Android.csproj", "{D43771C3-3DDC-4385-9806-8B3922DBFCC3}"
EndProject
Project("{FAE04EC0-301F-11D3-BF4B-00C04F79EFBC}") = "XamarinDemo.iOS", "XamarinDemo\XamarinDemo.iOS\XamarinDemo.iOS.csproj", "{62A4F4EC-D0F0-4D27-A3C1-1028F7A69741}"
EndProject
Project("{FAE04EC0-301F-11D3-BF4B-00C04F79EFBC}") = "XamarinDemo.UWP", "XamarinDemo\XamarinDemo.UWP\XamarinDemo.UWP.csproj", "{4B179963-C1B9-4B2A-BD0F-6D2D19100CA1}"
EndProject
Project("{FAE04EC0-301F-11D3-BF4B-00C04F79EFBC}") = "XamarinDemo", "XamarinDemo\XamarinDemo\XamarinDemo.csproj", "{49B9CC65-5E3C-4F92-889F-898E012B3F69}"
EndProject
Global
	GlobalSection(SolutionConfigurationPlatforms) = preSolution
		Ad-Hoc|Any CPU = Ad-Hoc|Any CPU
		Ad-Hoc|ARM = Ad-Hoc|ARM
		Ad-Hoc|iPhone = Ad-Hoc|iPhone
		Ad-Hoc|iPhoneSimulator = Ad-Hoc|iPhoneSimulator
		Ad-Hoc|x64 = Ad-Hoc|x64
		Ad-Hoc|x86 = Ad-Hoc|x86
		AppStore|Any CPU = AppStore|Any CPU
		AppStore|ARM = AppStore|ARM
		AppStore|iPhone = AppStore|iPhone
		AppStore|iPhoneSimulator = AppStore|iPhoneSimulator
		AppStore|x64 = AppStore|x64
		AppStore|x86 = AppStore|x86
		Debug|Any CPU = Debug|Any CPU
		Debug|ARM = Debug|ARM
		Debug|iPhone = Debug|iPhone
		Debug|iPhoneSimulator = Debug|iPhoneSimulator
		Debug|x64 = Debug|x64
		Debug|x86 = Debug|x86
		Release|Any CPU = Release|Any CPU
		Release|ARM = Release|ARM
		Release|iPhone = Release|iPhone
		Release|iPhoneSimulator = Release|iPhoneSimulator
		Release|x64 = Release|x64
		Release|x86 = Release|x86
	EndGlobalSection
	GlobalSection(ProjectConfigurationPlatforms) = postSolution
		{D43771C3-3DDC-4385-9806-8B3922DBFCC3}.Ad-Hoc|Any CPU.ActiveCfg = Release|Any CPU
		{D43771C3-3DDC-4385-9806-8B3922DBFCC3}.Ad-Hoc|Any CPU.Build.0 = Release|Any CPU
		{D43771C3-3DDC-4385-9806-8B3922DBFCC3}.Ad-Hoc|Any CPU.Deploy.0 = Release|Any CPU
		{D43771C3-3DDC-4385-9806-8B3922DBFCC3}.Ad-Hoc|ARM.ActiveCfg = Release|Any CPU
		{D43771C3-3DDC-4385-9806-8B3922DBFCC3}.Ad-Hoc|ARM.Build.0 = Release|Any CPU
		{D43771C3-3DDC-4385-9806-8B3922DBFCC3}.Ad-Hoc|ARM.Deploy.0 = Release|Any CPU
		{D43771C3-3DDC-4385-9806-8B3922DBFCC3}.Ad-Hoc|iPhone.ActiveCfg = Release|Any CPU
		{D43771C3-3DDC-4385-9806-8B3922DBFCC3}.Ad-Hoc|iPhone.Build.0 = Release|Any CPU
		{D43771C3-3DDC-4385-9806-8B3922DBFCC3}.Ad-Hoc|iPhone.Deploy.0 = Release|Any CPU
		{D43771C3-3DDC-4385-9806-8B3922DBFCC3}.Ad-Hoc|iPhoneSimulator.ActiveCfg = Release|Any CPU
		{D43771C3-3DDC-4385-9806-8B3922DBFCC3}.Ad-Hoc|iPhoneSimulator.Build.0 = Release|Any CPU
		{D43771C3-3DDC-4385-9806-8B3922DBFCC3}.Ad-Hoc|iPhoneSimulator.Deploy.0 = Release|Any CPU
		{D43771C3-3DDC-4385-9806-8B3922DBFCC3}.Ad-Hoc|x64.ActiveCfg = Release|Any CPU
		{D43771C3-3DDC-4385-9806-8B3922DBFCC3}.Ad-Hoc|x64.Build.0 = Release|Any CPU
		{D43771C3-3DDC-4385-9806-8B3922DBFCC3}.Ad-Hoc|x64.Deploy.0 = Release|Any CPU
		{D43771C3-3DDC-4385-9806-8B3922DBFCC3}.Ad-Hoc|x86.ActiveCfg = Release|Any CPU
		{D43771C3-3DDC-4385-9806-8B3922DBFCC3}.Ad-Hoc|x86.Build.0 = Release|Any CPU
		{D43771C3-3DDC-4385-9806-8B3922DBFCC3}.Ad-Hoc|x86.Deploy.0 = Release|Any CPU
		{D43771C3-3DDC-4385-9806-8B3922DBFCC3}.AppStore|Any CPU.ActiveCfg = Release|Any CPU
		{D43771C3-3DDC-4385-9806-8B3922DBFCC3}.AppStore|Any CPU.Build.0 = Release|Any CPU
		{D43771C3-3DDC-4385-9806-8B3922DBFCC3}.AppStore|Any CPU.Deploy.0 = Release|Any CPU
		{D43771C3-3DDC-4385-9806-8B3922DBFCC3}.AppStore|ARM.ActiveCfg = Release|Any CPU
		{D43771C3-3DDC-4385-9806-8B3922DBFCC3}.AppStore|ARM.Build.0 = Release|Any CPU
		{D43771C3-3DDC-4385-9806-8B3922DBFCC3}.AppStore|ARM.Deploy.0 = Release|Any CPU
		{D43771C3-3DDC-4385-9806-8B3922DBFCC3}.AppStore|iPhone.ActiveCfg = Release|Any CPU
		{D43771C3-3DDC-4385-9806-8B3922DBFCC3}.AppStore|iPhone.Build.0 = Release|Any CPU
		{D43771C3-3DDC-4385-9806-8B3922DBFCC3}.AppStore|iPhone.Deploy.0 = Release|Any CPU
		{D43771C3-3DDC-4385-9806-8B3922DBFCC3}.AppStore|iPhoneSimulator.ActiveCfg = Release|Any CPU
		{D43771C3-3DDC-4385-9806-8B3922DBFCC3}.AppStore|iPhoneSimulator.Build.0 = Release|Any CPU
		{D43771C3-3DDC-4385-9806-8B3922DBFCC3}.AppStore|iPhoneSimulator.Deploy.0 = Release|Any CPU
		{D43771C3-3DDC-4385-9806-8B3922DBFCC3}.AppStore|x64.ActiveCfg = Release|Any CPU
		{D43771C3-3DDC-4385-9806-8B3922DBFCC3}.AppStore|x64.Build.0 = Release|Any CPU
		{D43771C3-3DDC-4385-9806-8B3922DBFCC3}.AppStore|x64.Deploy.0 = Release|Any CPU
		{D43771C3-3DDC-4385-9806-8B3922DBFCC3}.AppStore|x86.ActiveCfg = Release|Any CPU
		{D43771C3-3DDC-4385-9806-8B3922DBFCC3}.AppStore|x86.Build.0 = Release|Any CPU
		{D43771C3-3DDC-4385-9806-8B3922DBFCC3}.AppStore|x86.Deploy.0 = Release|Any CPU
		{D43771C3-3DDC-4385-9806-8B3922DBFCC3}.Debug|Any CPU.ActiveCfg = Debug|Any CPU
		{D43771C3-3DDC-4385-9806-8B3922DBFCC3}.Debug|Any CPU.Build.0 = Debug|Any CPU
		{D43771C3-3DDC-4385-9806-8B3922DBFCC3}.Debug|Any CPU.Deploy.0 = Debug|Any CPU
		{D43771C3-3DDC-4385-9806-8B3922DBFCC3}.Debug|ARM.ActiveCfg = Debug|Any CPU
		{D43771C3-3DDC-4385-9806-8B3922DBFCC3}.Debug|ARM.Build.0 = Debug|Any CPU
		{D43771C3-3DDC-4385-9806-8B3922DBFCC3}.Debug|ARM.Deploy.0 = Debug|Any CPU
		{D43771C3-3DDC-4385-9806-8B3922DBFCC3}.Debug|iPhone.ActiveCfg = Debug|Any CPU
		{D43771C3-3DDC-4385-9806-8B3922DBFCC3}.Debug|iPhone.Build.0 = Debug|Any CPU
		{D43771C3-3DDC-4385-9806-8B3922DBFCC3}.Debug|iPhone.Deploy.0 = Debug|Any CPU
		{D43771C3-3DDC-4385-9806-8B3922DBFCC3}.Debug|iPhoneSimulator.ActiveCfg = Debug|Any CPU
		{D43771C3-3DDC-4385-9806-8B3922DBFCC3}.Debug|iPhoneSimulator.Build.0 = Debug|Any CPU
		{D43771C3-3DDC-4385-9806-8B3922DBFCC3}.Debug|iPhoneSimulator.Deploy.0 = Debug|Any CPU
		{D43771C3-3DDC-4385-9806-8B3922DBFCC3}.Debug|x64.ActiveCfg = Debug|Any CPU
		{D43771C3-3DDC-4385-9806-8B3922DBFCC3}.Debug|x64.Build.0 = Debug|Any CPU
		{D43771C3-3DDC-4385-9806-8B3922DBFCC3}.Debug|x64.Deploy.0 = Debug|Any CPU
		{D43771C3-3DDC-4385-9806-8B3922DBFCC3}.Debug|x86.ActiveCfg = Debug|Any CPU
		{D43771C3-3DDC-4385-9806-8B3922DBFCC3}.Debug|x86.Build.0 = Debug|Any CPU
		{D43771C3-3DDC-4385-9806-8B3922DBFCC3}.Debug|x86.Deploy.0 = Debug|Any CPU
		{D43771C3-3DDC-4385-9806-8B3922DBFCC3}.Release|Any CPU.ActiveCfg = Release|Any CPU
		{D43771C3-3DDC-4385-9806-8B3922DBFCC3}.Release|Any CPU.Build.0 = Release|Any CPU
		{D43771C3-3DDC-4385-9806-8B3922DBFCC3}.Release|Any CPU.Deploy.0 = Release|Any CPU
		{D43771C3-3DDC-4385-9806-8B3922DBFCC3}.Release|ARM.ActiveCfg = Release|Any CPU
		{D43771C3-3DDC-4385-9806-8B3922DBFCC3}.Release|ARM.Build.0 = Release|Any CPU
		{D43771C3-3DDC-4385-9806-8B3922DBFCC3}.Release|ARM.Deploy.0 = Release|Any CPU
		{D43771C3-3DDC-4385-9806-8B3922DBFCC3}.Release|iPhone.ActiveCfg = Release|Any CPU
		{D43771C3-3DDC-4385-9806-8B3922DBFCC3}.Release|iPhone.Build.0 = Release|Any CPU
		{D43771C3-3DDC-4385-9806-8B3922DBFCC3}.Release|iPhone.Deploy.0 = Release|Any CPU
		{D43771C3-3DDC-4385-9806-8B3922DBFCC3}.Release|iPhoneSimulator.ActiveCfg = Release|Any CPU
		{D43771C3-3DDC-4385-9806-8B3922DBFCC3}.Release|iPhoneSimulator.Build.0 = Release|Any CPU
		{D43771C3-3DDC-4385-9806-8B3922DBFCC3}.Release|iPhoneSimulator.Deploy.0 = Release|Any CPU
		{D43771C3-3DDC-4385-9806-8B3922DBFCC3}.Release|x64.ActiveCfg = Release|Any CPU
		{D43771C3-3DDC-4385-9806-8B3922DBFCC3}.Release|x64.Build.0 = Release|Any CPU
		{D43771C3-3DDC-4385-9806-8B3922DBFCC3}.Release|x64.Deploy.0 = Release|Any CPU
		{D43771C3-3DDC-4385-9806-8B3922DBFCC3}.Release|x86.ActiveCfg = Release|Any CPU
		{D43771C3-3DDC-4385-9806-8B3922DBFCC3}.Release|x86.Build.0 = Release|Any CPU
		{D43771C3-3DDC-4385-9806-8B3922DBFCC3}.Release|x86.Deploy.0 = Release|Any CPU
		{62A4F4EC-D0F0-4D27-A3C1-1028F7A69741}.Ad-Hoc|Any CPU.ActiveCfg = Ad-Hoc|iPhone
		{62A4F4EC-D0F0-4D27-A3C1-1028F7A69741}.Ad-Hoc|Any CPU.Build.0 = Ad-Hoc|iPhone
		{62A4F4EC-D0F0-4D27-A3C1-1028F7A69741}.Ad-Hoc|Any CPU.Deploy.0 = Ad-Hoc|iPhone
		{62A4F4EC-D0F0-4D27-A3C1-1028F7A69741}.Ad-Hoc|ARM.ActiveCfg = Ad-Hoc|iPhone
		{62A4F4EC-D0F0-4D27-A3C1-1028F7A69741}.Ad-Hoc|ARM.Build.0 = Ad-Hoc|iPhone
		{62A4F4EC-D0F0-4D27-A3C1-1028F7A69741}.Ad-Hoc|ARM.Deploy.0 = Ad-Hoc|iPhone
		{62A4F4EC-D0F0-4D27-A3C1-1028F7A69741}.Ad-Hoc|iPhone.ActiveCfg = Ad-Hoc|iPhone
		{62A4F4EC-D0F0-4D27-A3C1-1028F7A69741}.Ad-Hoc|iPhone.Build.0 = Ad-Hoc|iPhone
		{62A4F4EC-D0F0-4D27-A3C1-1028F7A69741}.Ad-Hoc|iPhone.Deploy.0 = Ad-Hoc|iPhone
		{62A4F4EC-D0F0-4D27-A3C1-1028F7A69741}.Ad-Hoc|iPhoneSimulator.ActiveCfg = Ad-Hoc|iPhoneSimulator
		{62A4F4EC-D0F0-4D27-A3C1-1028F7A69741}.Ad-Hoc|iPhoneSimulator.Build.0 = Ad-Hoc|iPhoneSimulator
		{62A4F4EC-D0F0-4D27-A3C1-1028F7A69741}.Ad-Hoc|iPhoneSimulator.Deploy.0 = Ad-Hoc|iPhoneSimulator
		{62A4F4EC-D0F0-4D27-A3C1-1028F7A69741}.Ad-Hoc|x64.ActiveCfg = Ad-Hoc|iPhone
		{62A4F4EC-D0F0-4D27-A3C1-1028F7A69741}.Ad-Hoc|x64.Build.0 = Ad-Hoc|iPhone
		{62A4F4EC-D0F0-4D27-A3C1-1028F7A69741}.Ad-Hoc|x64.Deploy.0 = Ad-Hoc|iPhone
		{62A4F4EC-D0F0-4D27-A3C1-1028F7A69741}.Ad-Hoc|x86.ActiveCfg = Ad-Hoc|iPhone
		{62A4F4EC-D0F0-4D27-A3C1-1028F7A69741}.Ad-Hoc|x86.Build.0 = Ad-Hoc|iPhone
		{62A4F4EC-D0F0-4D27-A3C1-1028F7A69741}.Ad-Hoc|x86.Deploy.0 = Ad-Hoc|iPhone
		{62A4F4EC-D0F0-4D27-A3C1-1028F7A69741}.AppStore|Any CPU.ActiveCfg = AppStore|iPhone
		{62A4F4EC-D0F0-4D27-A3C1-1028F7A69741}.AppStore|Any CPU.Build.0 = AppStore|iPhone
		{62A4F4EC-D0F0-4D27-A3C1-1028F7A69741}.AppStore|Any CPU.Deploy.0 = AppStore|iPhone
		{62A4F4EC-D0F0-4D27-A3C1-1028F7A69741}.AppStore|ARM.ActiveCfg = AppStore|iPhone
		{62A4F4EC-D0F0-4D27-A3C1-1028F7A69741}.AppStore|ARM.Build.0 = AppStore|iPhone
		{62A4F4EC-D0F0-4D27-A3C1-1028F7A69741}.AppStore|ARM.Deploy.0 = AppStore|iPhone
		{62A4F4EC-D0F0-4D27-A3C1-1028F7A69741}.AppStore|iPhone.ActiveCfg = AppStore|iPhone
		{62A4F4EC-D0F0-4D27-A3C1-1028F7A69741}.AppStore|iPhone.Build.0 = AppStore|iPhone
		{62A4F4EC-D0F0-4D27-A3C1-1028F7A69741}.AppStore|iPhone.Deploy.0 = AppStore|iPhone
		{62A4F4EC-D0F0-4D27-A3C1-1028F7A69741}.AppStore|iPhoneSimulator.ActiveCfg = AppStore|iPhoneSimulator
		{62A4F4EC-D0F0-4D27-A3C1-1028F7A69741}.AppStore|iPhoneSimulator.Build.0 = AppStore|iPhoneSimulator
		{62A4F4EC-D0F0-4D27-A3C1-1028F7A69741}.AppStore|iPhoneSimulator.Deploy.0 = AppStore|iPhoneSimulator
		{62A4F4EC-D0F0-4D27-A3C1-1028F7A69741}.AppStore|x64.ActiveCfg = AppStore|iPhone
		{62A4F4EC-D0F0-4D27-A3C1-1028F7A69741}.AppStore|x64.Build.0 = AppStore|iPhone
		{62A4F4EC-D0F0-4D27-A3C1-1028F7A69741}.AppStore|x64.Deploy.0 = AppStore|iPhone
		{62A4F4EC-D0F0-4D27-A3C1-1028F7A69741}.AppStore|x86.ActiveCfg = AppStore|iPhone
		{62A4F4EC-D0F0-4D27-A3C1-1028F7A69741}.AppStore|x86.Build.0 = AppStore|iPhone
		{62A4F4EC-D0F0-4D27-A3C1-1028F7A69741}.AppStore|x86.Deploy.0 = AppStore|iPhone
		{62A4F4EC-D0F0-4D27-A3C1-1028F7A69741}.Debug|Any CPU.ActiveCfg = Debug|iPhoneSimulator
		{62A4F4EC-D0F0-4D27-A3C1-1028F7A69741}.Debug|Any CPU.Build.0 = Debug|iPhoneSimulator
		{62A4F4EC-D0F0-4D27-A3C1-1028F7A69741}.Debug|Any CPU.Deploy.0 = Debug|iPhoneSimulator
		{62A4F4EC-D0F0-4D27-A3C1-1028F7A69741}.Debug|ARM.ActiveCfg = Debug|iPhone
		{62A4F4EC-D0F0-4D27-A3C1-1028F7A69741}.Debug|ARM.Build.0 = Debug|iPhone
		{62A4F4EC-D0F0-4D27-A3C1-1028F7A69741}.Debug|ARM.Deploy.0 = Debug|iPhone
		{62A4F4EC-D0F0-4D27-A3C1-1028F7A69741}.Debug|iPhone.ActiveCfg = Debug|iPhone
		{62A4F4EC-D0F0-4D27-A3C1-1028F7A69741}.Debug|iPhone.Build.0 = Debug|iPhone
		{62A4F4EC-D0F0-4D27-A3C1-1028F7A69741}.Debug|iPhone.Deploy.0 = Debug|iPhone
		{62A4F4EC-D0F0-4D27-A3C1-1028F7A69741}.Debug|iPhoneSimulator.ActiveCfg = Debug|iPhoneSimulator
		{62A4F4EC-D0F0-4D27-A3C1-1028F7A69741}.Debug|iPhoneSimulator.Build.0 = Debug|iPhoneSimulator
		{62A4F4EC-D0F0-4D27-A3C1-1028F7A69741}.Debug|iPhoneSimulator.Deploy.0 = Debug|iPhoneSimulator
		{62A4F4EC-D0F0-4D27-A3C1-1028F7A69741}.Debug|x64.ActiveCfg = Debug|iPhone
		{62A4F4EC-D0F0-4D27-A3C1-1028F7A69741}.Debug|x64.Build.0 = Debug|iPhone
		{62A4F4EC-D0F0-4D27-A3C1-1028F7A69741}.Debug|x64.Deploy.0 = Debug|iPhone
		{62A4F4EC-D0F0-4D27-A3C1-1028F7A69741}.Debug|x86.ActiveCfg = Debug|iPhone
		{62A4F4EC-D0F0-4D27-A3C1-1028F7A69741}.Debug|x86.Build.0 = Debug|iPhone
		{62A4F4EC-D0F0-4D27-A3C1-1028F7A69741}.Debug|x86.Deploy.0 = Debug|iPhone
		{62A4F4EC-D0F0-4D27-A3C1-1028F7A69741}.Release|Any CPU.ActiveCfg = Release|iPhone
		{62A4F4EC-D0F0-4D27-A3C1-1028F7A69741}.Release|Any CPU.Build.0 = Release|iPhone
		{62A4F4EC-D0F0-4D27-A3C1-1028F7A69741}.Release|Any CPU.Deploy.0 = Release|iPhone
		{62A4F4EC-D0F0-4D27-A3C1-1028F7A69741}.Release|ARM.ActiveCfg = Release|iPhone
		{62A4F4EC-D0F0-4D27-A3C1-1028F7A69741}.Release|ARM.Build.0 = Release|iPhone
		{62A4F4EC-D0F0-4D27-A3C1-1028F7A69741}.Release|ARM.Deploy.0 = Release|iPhone
		{62A4F4EC-D0F0-4D27-A3C1-1028F7A69741}.Release|iPhone.ActiveCfg = Release|iPhone
		{62A4F4EC-D0F0-4D27-A3C1-1028F7A69741}.Release|iPhone.Build.0 = Release|iPhone
		{62A4F4EC-D0F0-4D27-A3C1-1028F7A69741}.Release|iPhone.Deploy.0 = Release|iPhone
		{62A4F4EC-D0F0-4D27-A3C1-1028F7A69741}.Release|iPhoneSimulator.ActiveCfg = Release|iPhoneSimulator
		{62A4F4EC-D0F0-4D27-A3C1-1028F7A69741}.Release|iPhoneSimulator.Build.0 = Release|iPhoneSimulator
		{62A4F4EC-D0F0-4D27-A3C1-1028F7A69741}.Release|iPhoneSimulator.Deploy.0 = Release|iPhoneSimulator
		{62A4F4EC-D0F0-4D27-A3C1-1028F7A69741}.Release|x64.ActiveCfg = Release|iPhone
		{62A4F4EC-D0F0-4D27-A3C1-1028F7A69741}.Release|x64.Build.0 = Release|iPhone
		{62A4F4EC-D0F0-4D27-A3C1-1028F7A69741}.Release|x64.Deploy.0 = Release|iPhone
		{62A4F4EC-D0F0-4D27-A3C1-1028F7A69741}.Release|x86.ActiveCfg = Release|iPhone
		{62A4F4EC-D0F0-4D27-A3C1-1028F7A69741}.Release|x86.Build.0 = Release|iPhone
		{62A4F4EC-D0F0-4D27-A3C1-1028F7A69741}.Release|x86.Deploy.0 = Release|iPhone
		{4B179963-C1B9-4B2A-BD0F-6D2D19100CA1}.Ad-Hoc|Any CPU.ActiveCfg = Release|x86
		{4B179963-C1B9-4B2A-BD0F-6D2D19100CA1}.Ad-Hoc|Any CPU.Build.0 = Release|x86
		{4B179963-C1B9-4B2A-BD0F-6D2D19100CA1}.Ad-Hoc|Any CPU.Deploy.0 = Release|x86
		{4B179963-C1B9-4B2A-BD0F-6D2D19100CA1}.Ad-Hoc|ARM.ActiveCfg = Release|ARM
		{4B179963-C1B9-4B2A-BD0F-6D2D19100CA1}.Ad-Hoc|ARM.Build.0 = Release|ARM
		{4B179963-C1B9-4B2A-BD0F-6D2D19100CA1}.Ad-Hoc|ARM.Deploy.0 = Release|ARM
		{4B179963-C1B9-4B2A-BD0F-6D2D19100CA1}.Ad-Hoc|iPhone.ActiveCfg = Release|x86
		{4B179963-C1B9-4B2A-BD0F-6D2D19100CA1}.Ad-Hoc|iPhone.Build.0 = Release|x86
		{4B179963-C1B9-4B2A-BD0F-6D2D19100CA1}.Ad-Hoc|iPhone.Deploy.0 = Release|x86
		{4B179963-C1B9-4B2A-BD0F-6D2D19100CA1}.Ad-Hoc|iPhoneSimulator.ActiveCfg = Release|x86
		{4B179963-C1B9-4B2A-BD0F-6D2D19100CA1}.Ad-Hoc|iPhoneSimulator.Build.0 = Release|x86
		{4B179963-C1B9-4B2A-BD0F-6D2D19100CA1}.Ad-Hoc|iPhoneSimulator.Deploy.0 = Release|x86
		{4B179963-C1B9-4B2A-BD0F-6D2D19100CA1}.Ad-Hoc|x64.ActiveCfg = Release|x64
		{4B179963-C1B9-4B2A-BD0F-6D2D19100CA1}.Ad-Hoc|x64.Build.0 = Release|x64
		{4B179963-C1B9-4B2A-BD0F-6D2D19100CA1}.Ad-Hoc|x64.Deploy.0 = Release|x64
		{4B179963-C1B9-4B2A-BD0F-6D2D19100CA1}.Ad-Hoc|x86.ActiveCfg = Release|x86
		{4B179963-C1B9-4B2A-BD0F-6D2D19100CA1}.Ad-Hoc|x86.Build.0 = Release|x86
		{4B179963-C1B9-4B2A-BD0F-6D2D19100CA1}.Ad-Hoc|x86.Deploy.0 = Release|x86
		{4B179963-C1B9-4B2A-BD0F-6D2D19100CA1}.AppStore|Any CPU.ActiveCfg = Release|x86
		{4B179963-C1B9-4B2A-BD0F-6D2D19100CA1}.AppStore|Any CPU.Build.0 = Release|x86
		{4B179963-C1B9-4B2A-BD0F-6D2D19100CA1}.AppStore|Any CPU.Deploy.0 = Release|x86
		{4B179963-C1B9-4B2A-BD0F-6D2D19100CA1}.AppStore|ARM.ActiveCfg = Release|ARM
		{4B179963-C1B9-4B2A-BD0F-6D2D19100CA1}.AppStore|ARM.Build.0 = Release|ARM
		{4B179963-C1B9-4B2A-BD0F-6D2D19100CA1}.AppStore|ARM.Deploy.0 = Release|ARM
		{4B179963-C1B9-4B2A-BD0F-6D2D19100CA1}.AppStore|iPhone.ActiveCfg = Release|x86
		{4B179963-C1B9-4B2A-BD0F-6D2D19100CA1}.AppStore|iPhone.Build.0 = Release|x86
		{4B179963-C1B9-4B2A-BD0F-6D2D19100CA1}.AppStore|iPhone.Deploy.0 = Release|x86
		{4B179963-C1B9-4B2A-BD0F-6D2D19100CA1}.AppStore|iPhoneSimulator.ActiveCfg = Release|x86
		{4B179963-C1B9-4B2A-BD0F-6D2D19100CA1}.AppStore|iPhoneSimulator.Build.0 = Release|x86
		{4B179963-C1B9-4B2A-BD0F-6D2D19100CA1}.AppStore|iPhoneSimulator.Deploy.0 = Release|x86
		{4B179963-C1B9-4B2A-BD0F-6D2D19100CA1}.AppStore|x64.ActiveCfg = Release|x64
		{4B179963-C1B9-4B2A-BD0F-6D2D19100CA1}.AppStore|x64.Build.0 = Release|x64
		{4B179963-C1B9-4B2A-BD0F-6D2D19100CA1}.AppStore|x64.Deploy.0 = Release|x64
		{4B179963-C1B9-4B2A-BD0F-6D2D19100CA1}.AppStore|x86.ActiveCfg = Release|x86
		{4B179963-C1B9-4B2A-BD0F-6D2D19100CA1}.AppStore|x86.Build.0 = Release|x86
		{4B179963-C1B9-4B2A-BD0F-6D2D19100CA1}.AppStore|x86.Deploy.0 = Release|x86
		{4B179963-C1B9-4B2A-BD0F-6D2D19100CA1}.Debug|Any CPU.ActiveCfg = Debug|x86
		{4B179963-C1B9-4B2A-BD0F-6D2D19100CA1}.Debug|Any CPU.Build.0 = Debug|x86
		{4B179963-C1B9-4B2A-BD0F-6D2D19100CA1}.Debug|Any CPU.Deploy.0 = Debug|x86
		{4B179963-C1B9-4B2A-BD0F-6D2D19100CA1}.Debug|ARM.ActiveCfg = Debug|ARM
		{4B179963-C1B9-4B2A-BD0F-6D2D19100CA1}.Debug|ARM.Build.0 = Debug|ARM
		{4B179963-C1B9-4B2A-BD0F-6D2D19100CA1}.Debug|ARM.Deploy.0 = Debug|ARM
		{4B179963-C1B9-4B2A-BD0F-6D2D19100CA1}.Debug|iPhone.ActiveCfg = Debug|x86
		{4B179963-C1B9-4B2A-BD0F-6D2D19100CA1}.Debug|iPhone.Build.0 = Debug|x86
		{4B179963-C1B9-4B2A-BD0F-6D2D19100CA1}.Debug|iPhone.Deploy.0 = Debug|x86
		{4B179963-C1B9-4B2A-BD0F-6D2D19100CA1}.Debug|iPhoneSimulator.ActiveCfg = Debug|x86
		{4B179963-C1B9-4B2A-BD0F-6D2D19100CA1}.Debug|iPhoneSimulator.Build.0 = Debug|x86
		{4B179963-C1B9-4B2A-BD0F-6D2D19100CA1}.Debug|iPhoneSimulator.Deploy.0 = Debug|x86
		{4B179963-C1B9-4B2A-BD0F-6D2D19100CA1}.Debug|x64.ActiveCfg = Debug|x64
		{4B179963-C1B9-4B2A-BD0F-6D2D19100CA1}.Debug|x64.Build.0 = Debug|x64
		{4B179963-C1B9-4B2A-BD0F-6D2D19100CA1}.Debug|x64.Deploy.0 = Debug|x64
		{4B179963-C1B9-4B2A-BD0F-6D2D19100CA1}.Debug|x86.ActiveCfg = Debug|x86
		{4B179963-C1B9-4B2A-BD0F-6D2D19100CA1}.Debug|x86.Build.0 = Debug|x86
		{4B179963-C1B9-4B2A-BD0F-6D2D19100CA1}.Debug|x86.Deploy.0 = Debug|x86
		{4B179963-C1B9-4B2A-BD0F-6D2D19100CA1}.Release|Any CPU.ActiveCfg = Release|x86
		{4B179963-C1B9-4B2A-BD0F-6D2D19100CA1}.Release|Any CPU.Build.0 = Release|x86
		{4B179963-C1B9-4B2A-BD0F-6D2D19100CA1}.Release|Any CPU.Deploy.0 = Release|x86
		{4B179963-C1B9-4B2A-BD0F-6D2D19100CA1}.Release|ARM.ActiveCfg = Release|ARM
		{4B179963-C1B9-4B2A-BD0F-6D2D19100CA1}.Release|ARM.Build.0 = Release|ARM
		{4B179963-C1B9-4B2A-BD0F-6D2D19100CA1}.Release|ARM.Deploy.0 = Release|ARM
		{4B179963-C1B9-4B2A-BD0F-6D2D19100CA1}.Release|iPhone.ActiveCfg = Release|x86
		{4B179963-C1B9-4B2A-BD0F-6D2D19100CA1}.Release|iPhone.Build.0 = Release|x86
		{4B179963-C1B9-4B2A-BD0F-6D2D19100CA1}.Release|iPhone.Deploy.0 = Release|x86
		{4B179963-C1B9-4B2A-BD0F-6D2D19100CA1}.Release|iPhoneSimulator.ActiveCfg = Release|x86
		{4B179963-C1B9-4B2A-BD0F-6D2D19100CA1}.Release|iPhoneSimulator.Build.0 = Release|x86
		{4B179963-C1B9-4B2A-BD0F-6D2D19100CA1}.Release|iPhoneSimulator.Deploy.0 = Release|x86
		{4B179963-C1B9-4B2A-BD0F-6D2D19100CA1}.Release|x64.ActiveCfg = Release|x64
		{4B179963-C1B9-4B2A-BD0F-6D2D19100CA1}.Release|x64.Build.0 = Release|x64
		{4B179963-C1B9-4B2A-BD0F-6D2D19100CA1}.Release|x64.Deploy.0 = Release|x64
		{4B179963-C1B9-4B2A-BD0F-6D2D19100CA1}.Release|x86.ActiveCfg = Release|x86
		{4B179963-C1B9-4B2A-BD0F-6D2D19100CA1}.Release|x86.Build.0 = Release|x86
		{4B179963-C1B9-4B2A-BD0F-6D2D19100CA1}.Release|x86.Deploy.0 = Release|x86
		{49B9CC65-5E3C-4F92-889F-898E012B3F69}.Ad-Hoc|Any CPU.ActiveCfg = Debug|Any CPU
		{49B9CC65-5E3C-4F92-889F-898E012B3F69}.Ad-Hoc|Any CPU.Build.0 = Debug|Any CPU
		{49B9CC65-5E3C-4F92-889F-898E012B3F69}.Ad-Hoc|Any CPU.Deploy.0 = Debug|Any CPU
		{49B9CC65-5E3C-4F92-889F-898E012B3F69}.Ad-Hoc|ARM.ActiveCfg = Debug|Any CPU
		{49B9CC65-5E3C-4F92-889F-898E012B3F69}.Ad-Hoc|ARM.Build.0 = Debug|Any CPU
		{49B9CC65-5E3C-4F92-889F-898E012B3F69}.Ad-Hoc|ARM.Deploy.0 = Debug|Any CPU
		{49B9CC65-5E3C-4F92-889F-898E012B3F69}.Ad-Hoc|iPhone.ActiveCfg = Debug|Any CPU
		{49B9CC65-5E3C-4F92-889F-898E012B3F69}.Ad-Hoc|iPhone.Build.0 = Debug|Any CPU
		{49B9CC65-5E3C-4F92-889F-898E012B3F69}.Ad-Hoc|iPhone.Deploy.0 = Debug|Any CPU
		{49B9CC65-5E3C-4F92-889F-898E012B3F69}.Ad-Hoc|iPhoneSimulator.ActiveCfg = Debug|Any CPU
		{49B9CC65-5E3C-4F92-889F-898E012B3F69}.Ad-Hoc|iPhoneSimulator.Build.0 = Debug|Any CPU
		{49B9CC65-5E3C-4F92-889F-898E012B3F69}.Ad-Hoc|iPhoneSimulator.Deploy.0 = Debug|Any CPU
		{49B9CC65-5E3C-4F92-889F-898E012B3F69}.Ad-Hoc|x64.ActiveCfg = Debug|Any CPU
		{49B9CC65-5E3C-4F92-889F-898E012B3F69}.Ad-Hoc|x64.Build.0 = Debug|Any CPU
		{49B9CC65-5E3C-4F92-889F-898E012B3F69}.Ad-Hoc|x64.Deploy.0 = Debug|Any CPU
		{49B9CC65-5E3C-4F92-889F-898E012B3F69}.Ad-Hoc|x86.ActiveCfg = Debug|Any CPU
		{49B9CC65-5E3C-4F92-889F-898E012B3F69}.Ad-Hoc|x86.Build.0 = Debug|Any CPU
		{49B9CC65-5E3C-4F92-889F-898E012B3F69}.Ad-Hoc|x86.Deploy.0 = Debug|Any CPU
		{49B9CC65-5E3C-4F92-889F-898E012B3F69}.AppStore|Any CPU.ActiveCfg = Debug|Any CPU
		{49B9CC65-5E3C-4F92-889F-898E012B3F69}.AppStore|Any CPU.Build.0 = Debug|Any CPU
		{49B9CC65-5E3C-4F92-889F-898E012B3F69}.AppStore|Any CPU.Deploy.0 = Debug|Any CPU
		{49B9CC65-5E3C-4F92-889F-898E012B3F69}.AppStore|ARM.ActiveCfg = Debug|Any CPU
		{49B9CC65-5E3C-4F92-889F-898E012B3F69}.AppStore|ARM.Build.0 = Debug|Any CPU
		{49B9CC65-5E3C-4F92-889F-898E012B3F69}.AppStore|ARM.Deploy.0 = Debug|Any CPU
		{49B9CC65-5E3C-4F92-889F-898E012B3F69}.AppStore|iPhone.ActiveCfg = Debug|Any CPU
		{49B9CC65-5E3C-4F92-889F-898E012B3F69}.AppStore|iPhone.Build.0 = Debug|Any CPU
		{49B9CC65-5E3C-4F92-889F-898E012B3F69}.AppStore|iPhone.Deploy.0 = Debug|Any CPU
		{49B9CC65-5E3C-4F92-889F-898E012B3F69}.AppStore|iPhoneSimulator.ActiveCfg = Debug|Any CPU
		{49B9CC65-5E3C-4F92-889F-898E012B3F69}.AppStore|iPhoneSimulator.Build.0 = Debug|Any CPU
		{49B9CC65-5E3C-4F92-889F-898E012B3F69}.AppStore|iPhoneSimulator.Deploy.0 = Debug|Any CPU
		{49B9CC65-5E3C-4F92-889F-898E012B3F69}.AppStore|x64.ActiveCfg = Debug|Any CPU
		{49B9CC65-5E3C-4F92-889F-898E012B3F69}.AppStore|x64.Build.0 = Debug|Any CPU
		{49B9CC65-5E3C-4F92-889F-898E012B3F69}.AppStore|x64.Deploy.0 = Debug|Any CPU
		{49B9CC65-5E3C-4F92-889F-898E012B3F69}.AppStore|x86.ActiveCfg = Debug|Any CPU
		{49B9CC65-5E3C-4F92-889F-898E012B3F69}.AppStore|x86.Build.0 = Debug|Any CPU
		{49B9CC65-5E3C-4F92-889F-898E012B3F69}.AppStore|x86.Deploy.0 = Debug|Any CPU
		{49B9CC65-5E3C-4F92-889F-898E012B3F69}.Debug|Any CPU.ActiveCfg = Debug|Any CPU
		{49B9CC65-5E3C-4F92-889F-898E012B3F69}.Debug|Any CPU.Build.0 = Debug|Any CPU
		{49B9CC65-5E3C-4F92-889F-898E012B3F69}.Debug|Any CPU.Deploy.0 = Debug|Any CPU
		{49B9CC65-5E3C-4F92-889F-898E012B3F69}.Debug|ARM.ActiveCfg = Debug|Any CPU
		{49B9CC65-5E3C-4F92-889F-898E012B3F69}.Debug|ARM.Build.0 = Debug|Any CPU
		{49B9CC65-5E3C-4F92-889F-898E012B3F69}.Debug|ARM.Deploy.0 = Debug|Any CPU
		{49B9CC65-5E3C-4F92-889F-898E012B3F69}.Debug|iPhone.ActiveCfg = Debug|Any CPU
		{49B9CC65-5E3C-4F92-889F-898E012B3F69}.Debug|iPhone.Build.0 = Debug|Any CPU
		{49B9CC65-5E3C-4F92-889F-898E012B3F69}.Debug|iPhone.Deploy.0 = Debug|Any CPU
		{49B9CC65-5E3C-4F92-889F-898E012B3F69}.Debug|iPhoneSimulator.ActiveCfg = Debug|Any CPU
		{49B9CC65-5E3C-4F92-889F-898E012B3F69}.Debug|iPhoneSimulator.Build.0 = Debug|Any CPU
		{49B9CC65-5E3C-4F92-889F-898E012B3F69}.Debug|iPhoneSimulator.Deploy.0 = Debug|Any CPU
		{49B9CC65-5E3C-4F92-889F-898E012B3F69}.Debug|x64.ActiveCfg = Debug|Any CPU
		{49B9CC65-5E3C-4F92-889F-898E012B3F69}.Debug|x64.Build.0 = Debug|Any CPU
		{49B9CC65-5E3C-4F92-889F-898E012B3F69}.Debug|x64.Deploy.0 = Debug|Any CPU
		{49B9CC65-5E3C-4F92-889F-898E012B3F69}.Debug|x86.ActiveCfg = Debug|Any CPU
		{49B9CC65-5E3C-4F92-889F-898E012B3F69}.Debug|x86.Build.0 = Debug|Any CPU
		{49B9CC65-5E3C-4F92-889F-898E012B3F69}.Debug|x86.Deploy.0 = Debug|Any CPU
		{49B9CC65-5E3C-4F92-889F-898E012B3F69}.Release|Any CPU.ActiveCfg = Release|Any CPU
		{49B9CC65-5E3C-4F92-889F-898E012B3F69}.Release|Any CPU.Build.0 = Release|Any CPU
		{49B9CC65-5E3C-4F92-889F-898E012B3F69}.Release|Any CPU.Deploy.0 = Release|Any CPU
		{49B9CC65-5E3C-4F92-889F-898E012B3F69}.Release|ARM.ActiveCfg = Release|Any CPU
		{49B9CC65-5E3C-4F92-889F-898E012B3F69}.Release|ARM.Build.0 = Release|Any CPU
		{49B9CC65-5E3C-4F92-889F-898E012B3F69}.Release|ARM.Deploy.0 = Release|Any CPU
		{49B9CC65-5E3C-4F92-889F-898E012B3F69}.Release|iPhone.ActiveCfg = Release|Any CPU
		{49B9CC65-5E3C-4F92-889F-898E012B3F69}.Release|iPhone.Build.0 = Release|Any CPU
		{49B9CC65-5E3C-4F92-889F-898E012B3F69}.Release|iPhone.Deploy.0 = Release|Any CPU
		{49B9CC65-5E3C-4F92-889F-898E012B3F69}.Release|iPhoneSimulator.ActiveCfg = Release|Any CPU
		{49B9CC65-5E3C-4F92-889F-898E012B3F69}.Release|iPhoneSimulator.Build.0 = Release|Any CPU
		{49B9CC65-5E3C-4F92-889F-898E012B3F69}.Release|iPhoneSimulator.Deploy.0 = Release|Any CPU
		{49B9CC65-5E3C-4F92-889F-898E012B3F69}.Release|x64.ActiveCfg = Release|Any CPU
		{49B9CC65-5E3C-4F92-889F-898E012B3F69}.Release|x64.Build.0 = Release|Any CPU
		{49B9CC65-5E3C-4F92-889F-898E012B3F69}.Release|x64.Deploy.0 = Release|Any CPU
		{49B9CC65-5E3C-4F92-889F-898E012B3F69}.Release|x86.ActiveCfg = Release|Any CPU
		{49B9CC65-5E3C-4F92-889F-898E012B3F69}.Release|x86.Build.0 = Release|Any CPU
		{49B9CC65-5E3C-4F92-889F-898E012B3F69}.Release|x86.Deploy.0 = Release|Any CPU
	EndGlobalSection
	GlobalSection(SolutionProperties) = preSolution
		HideSolutionNode = FALSE
	EndGlobalSection
	GlobalSection(ExtensibilityGlobals) = postSolution
		SolutionGuid = {76C7328E-9BB1-4DC4-B798-888BADFA43F9}
	EndGlobalSection
EndGlobal
